
Microsoft Visual Studio Solution File, Format Version 12.00
# Visual Studio Version 16
VisualStudioVersion = 16.0.29911.98
MinimumVisualStudioVersion = 10.0.40219.1
Project("{FAE04EC0-301F-11D3-BF4B-00C04F79EFBC}") = "Textile", "Textile\Textile.csproj", "{AFC58756-7FB5-47F2-8E54-91828E92AE6A}"
EndProject
Global
	GlobalSection(SolutionConfigurationPlatforms) = preSolution
		Debug|Any CPU = Debug|Any CPU
		Release|Any CPU = Release|Any CPU
	EndGlobalSection
	GlobalSection(ProjectConfigurationPlatforms) = postSolution
		{AFC58756-7FB5-47F2-8E54-91828E92AE6A}.Debug|Any CPU.ActiveCfg = Debug|Any CPU
		{AFC58756-7FB5-47F2-8E54-91828E92AE6A}.Debug|Any CPU.Build.0 = Debug|Any CPU
		{AFC58756-7FB5-47F2-8E54-91828E92AE6A}.Release|Any CPU.ActiveCfg = Release|Any CPU
		{AFC58756-7FB5-47F2-8E54-91828E92AE6A}.Release|Any CPU.Build.0 = Release|Any CPU
	EndGlobalSection
	GlobalSection(SolutionProperties) = preSolution
		HideSolutionNode = FALSE
	EndGlobalSection
	GlobalSection(ExtensibilityGlobals) = postSolution
		SolutionGuid = {DDBA4EB8-229C-4EC6-BCB6-4D1DD8B67F0F}
	EndGlobalSection
EndGlobal
